
Microsoft Visual Studio Solution File, Format Version 12.00
# Visual Studio Version 16
VisualStudioVersion = 16.0.32002.261
MinimumVisualStudioVersion = 10.0.40219.1
Project("{FAE04EC0-301F-11D3-BF4B-00C04F79EFBC}") = "ASCII_art", "ASCII_art\ASCII_art.csproj", "{E23E91B9-8365-4010-A4F4-8789A6FE667C}"
EndProject
Global
	GlobalSection(SolutionConfigurationPlatforms) = preSolution
		Debug|Any CPU = Debug|Any CPU
		Release|Any CPU = Release|Any CPU
	EndGlobalSection
	GlobalSection(ProjectConfigurationPlatforms) = postSolution
		{E23E91B9-8365-4010-A4F4-8789A6FE667C}.Debug|Any CPU.ActiveCfg = Debug|Any CPU
		{E23E91B9-8365-4010-A4F4-8789A6FE667C}.Debug|Any CPU.Build.0 = Debug|Any CPU
		{E23E91B9-8365-4010-A4F4-8789A6FE667C}.Release|Any CPU.ActiveCfg = Release|Any CPU
		{E23E91B9-8365-4010-A4F4-8789A6FE667C}.Release|Any CPU.Build.0 = Release|Any CPU
	EndGlobalSection
	GlobalSection(SolutionProperties) = preSolution
		HideSolutionNode = FALSE
	EndGlobalSection
	GlobalSection(ExtensibilityGlobals) = postSolution
		SolutionGuid = {A5C42800-823D-4CEA-8299-0012CB19F6F8}
	EndGlobalSection
EndGlobal
